<?xml version="1.0" encoding="utf-8"?>
<Project ToolsVersion="4.0" xmlns="http://schemas.microsoft.com/developer/msbuild/2003">
  <ItemGroup>
    <Filter Include="Snake">
      <UniqueIdentifier>{1239e2b7-178f-4ae2-9342-df90441571bf}</UniqueIdentifier>
    </Filter>
  </ItemGroup>
  <ItemGroup>
    <ClCompile Include="src\Snake\Snake.c">
      <Filter>Snake</Filter>
    </ClCompile>
  </ItemGroup>
  <ItemGroup>
    <ClInclude Include="src\Snake\Snake.h">
      <Filter>Snake</Filter>
    </ClInclude>
  </ItemGroup>
</Project>